
Microsoft Visual Studio Solution File, Format Version 12.00
# Visual Studio 2013
VisualStudioVersion = 12.0.31101.0
MinimumVisualStudioVersion = 10.0.40219.1
Project("{FAE04EC0-301F-11D3-BF4B-00C04F79EFBC}") = "Logic", "Logic\Logic.csproj", "{67D23309-CAC0-40C4-B44B-E520FBAAAC80}"
EndProject
Project("{FAE04EC0-301F-11D3-BF4B-00C04F79EFBC}") = "UI", "UI\UI.csproj", "{DA167A7B-CB84-4A20-A2B5-636F3B949D3D}"
EndProject
Project("{FAE04EC0-301F-11D3-BF4B-00C04F79EFBC}") = "Database", "ClassLibrary2\Database.csproj", "{68191637-290A-4C83-91EF-B1AAD81CE5D0}"
EndProject
Global
	GlobalSection(SolutionConfigurationPlatforms) = preSolution
		Debug|Any CPU = Debug|Any CPU
		Release|Any CPU = Release|Any CPU
	EndGlobalSection
	GlobalSection(ProjectConfigurationPlatforms) = postSolution
		{67D23309-CAC0-40C4-B44B-E520FBAAAC80}.Debug|Any CPU.ActiveCfg = Debug|Any CPU
		{67D23309-CAC0-40C4-B44B-E520FBAAAC80}.Debug|Any CPU.Build.0 = Debug|Any CPU
		{67D23309-CAC0-40C4-B44B-E520FBAAAC80}.Release|Any CPU.ActiveCfg = Release|Any CPU
		{67D23309-CAC0-40C4-B44B-E520FBAAAC80}.Release|Any CPU.Build.0 = Release|Any CPU
		{DA167A7B-CB84-4A20-A2B5-636F3B949D3D}.Debug|Any CPU.ActiveCfg = Debug|Any CPU
		{DA167A7B-CB84-4A20-A2B5-636F3B949D3D}.Debug|Any CPU.Build.0 = Debug|Any CPU
		{DA167A7B-CB84-4A20-A2B5-636F3B949D3D}.Release|Any CPU.ActiveCfg = Release|Any CPU
		{DA167A7B-CB84-4A20-A2B5-636F3B949D3D}.Release|Any CPU.Build.0 = Release|Any CPU
		{68191637-290A-4C83-91EF-B1AAD81CE5D0}.Debug|Any CPU.ActiveCfg = Debug|Any CPU
		{68191637-290A-4C83-91EF-B1AAD81CE5D0}.Debug|Any CPU.Build.0 = Debug|Any CPU
		{68191637-290A-4C83-91EF-B1AAD81CE5D0}.Release|Any CPU.ActiveCfg = Release|Any CPU
		{68191637-290A-4C83-91EF-B1AAD81CE5D0}.Release|Any CPU.Build.0 = Release|Any CPU
	EndGlobalSection
	GlobalSection(SolutionProperties) = preSolution
		HideSolutionNode = FALSE
	EndGlobalSection
EndGlobal
